
Microsoft Visual Studio Solution File, Format Version 12.00
# Visual Studio 15
VisualStudioVersion = 15.0.28307.757
MinimumVisualStudioVersion = 10.0.40219.1
Project("{FAE04EC0-301F-11D3-BF4B-00C04F79EFBC}") = "ADO_Lib", "ADO_Lib\ADO_Lib.csproj", "{E526EAA5-9658-445E-ACE0-1B4BFE98A301}"
EndProject
Project("{FAE04EC0-301F-11D3-BF4B-00C04F79EFBC}") = "PL", "PL\PL.csproj", "{496D2F96-0FFD-4765-9A95-501021D6BE34}"
EndProject
Global
	GlobalSection(SolutionConfigurationPlatforms) = preSolution
		Debug|Any CPU = Debug|Any CPU
		Release|Any CPU = Release|Any CPU
	EndGlobalSection
	GlobalSection(ProjectConfigurationPlatforms) = postSolution
		{E526EAA5-9658-445E-ACE0-1B4BFE98A301}.Debug|Any CPU.ActiveCfg = Debug|Any CPU
		{E526EAA5-9658-445E-ACE0-1B4BFE98A301}.Debug|Any CPU.Build.0 = Debug|Any CPU
		{E526EAA5-9658-445E-ACE0-1B4BFE98A301}.Release|Any CPU.ActiveCfg = Release|Any CPU
		{E526EAA5-9658-445E-ACE0-1B4BFE98A301}.Release|Any CPU.Build.0 = Release|Any CPU
		{496D2F96-0FFD-4765-9A95-501021D6BE34}.Debug|Any CPU.ActiveCfg = Debug|Any CPU
		{496D2F96-0FFD-4765-9A95-501021D6BE34}.Debug|Any CPU.Build.0 = Debug|Any CPU
		{496D2F96-0FFD-4765-9A95-501021D6BE34}.Release|Any CPU.ActiveCfg = Release|Any CPU
		{496D2F96-0FFD-4765-9A95-501021D6BE34}.Release|Any CPU.Build.0 = Release|Any CPU
	EndGlobalSection
	GlobalSection(SolutionProperties) = preSolution
		HideSolutionNode = FALSE
	EndGlobalSection
	GlobalSection(ExtensibilityGlobals) = postSolution
		SolutionGuid = {74168DE6-5AE3-43F8-8C06-D200D759D15B}
	EndGlobalSection
EndGlobal
